
Microsoft Visual Studio Solution File, Format Version 11.00
# Visual Studio 2010
Project("{FAE04EC0-301F-11D3-BF4B-00C04F79EFBC}") = "FactoryMethod", "FactoryMethod\FactoryMethod.csproj", "{4D98F57E-77AE-4F82-A766-E9C6F2922466}"
EndProject
Project("{FAE04EC0-301F-11D3-BF4B-00C04F79EFBC}") = "Prototype", "Prototype\Prototype.csproj", "{4FCD6132-BCB9-425A-A501-0420B80E434B}"
EndProject
Project("{FAE04EC0-301F-11D3-BF4B-00C04F79EFBC}") = "Singleton", "Singleton\Singleton.csproj", "{6FA99606-F575-4C31-B56A-FC253FEF12E5}"
EndProject
Project("{FAE04EC0-301F-11D3-BF4B-00C04F79EFBC}") = "AbstractFactory", "AbstractFactory\AbstractFactory.csproj", "{94F7485A-F046-4456-9836-74410723D04D}"
EndProject
Project("{FAE04EC0-301F-11D3-BF4B-00C04F79EFBC}") = "Builder", "Builder\Builder.csproj", "{D749C3B4-FD6F-4DD9-BB6A-2C0CC28CDE61}"
EndProject
Project("{2150E333-8FDC-42A3-9474-1A3956D46DE8}") = "Creational Paterns", "Creational Paterns", "{1ABBEEF6-A16F-46EA-854E-EC65D54F2E57}"
EndProject
Project("{2150E333-8FDC-42A3-9474-1A3956D46DE8}") = "Structural Paterns", "Structural Paterns", "{3BD159B0-6194-4B51-A4C1-B08A65F4E9A5}"
EndProject
Project("{FAE04EC0-301F-11D3-BF4B-00C04F79EFBC}") = "Adapter", "Adapter\Adapter.csproj", "{7046DF52-A700-4388-90EB-F4DE2078074A}"
EndProject
Project("{FAE04EC0-301F-11D3-BF4B-00C04F79EFBC}") = "Bridge", "Bridge\Bridge.csproj", "{B33B7A50-1BAC-4F25-9A7B-C245C5CE57BC}"
EndProject
Project("{FAE04EC0-301F-11D3-BF4B-00C04F79EFBC}") = "Composite", "Composite\Composite.csproj", "{CA221B4D-7653-4AED-B237-C136CC434A58}"
EndProject
Project("{FAE04EC0-301F-11D3-BF4B-00C04F79EFBC}") = "Decorator", "Decorator\Decorator.csproj", "{E9A4AF39-8E03-4479-98C7-BE11A892297C}"
EndProject
Project("{FAE04EC0-301F-11D3-BF4B-00C04F79EFBC}") = "Facade", "Facade\Facade.csproj", "{811E2D64-2498-4AC0-BFAB-6BC86ED66A27}"
EndProject
Project("{FAE04EC0-301F-11D3-BF4B-00C04F79EFBC}") = "Flyweight", "Flyweight\Flyweight.csproj", "{765DF3FA-8C3E-473B-AB75-5024F3E7E5AE}"
EndProject
Project("{FAE04EC0-301F-11D3-BF4B-00C04F79EFBC}") = "Proxy", "Proxy\Proxy.csproj", "{2DD7DF0E-F6D8-4BEA-8E18-71BC284D2430}"
EndProject
Project("{2150E333-8FDC-42A3-9474-1A3956D46DE8}") = "Behavioral Patterns", "Behavioral Patterns", "{4A7B3878-F12B-4B38-9A10-7F522C2D3812}"
EndProject
Project("{FAE04EC0-301F-11D3-BF4B-00C04F79EFBC}") = "Chain of Responsibility", "Chain of Responsibility\Chain of Responsibility.csproj", "{81F4C29B-34D8-47D6-A508-E7B51AEC89C7}"
EndProject
Project("{FAE04EC0-301F-11D3-BF4B-00C04F79EFBC}") = "Command", "Command\Command.csproj", "{2D3B98C5-8ABC-4AF3-A3C8-097C32EF53EC}"
EndProject
Project("{FAE04EC0-301F-11D3-BF4B-00C04F79EFBC}") = "Interpreter", "Interpreter\Interpreter.csproj", "{7919B1A0-589B-49B5-9D43-523DCFFD4B01}"
EndProject
Project("{FAE04EC0-301F-11D3-BF4B-00C04F79EFBC}") = "Iterator", "Iterator\Iterator.csproj", "{BE4BC154-9A7C-424C-B1E5-C1ADD75FE035}"
EndProject
Project("{FAE04EC0-301F-11D3-BF4B-00C04F79EFBC}") = "Mediator", "Mediator\Mediator.csproj", "{7895F060-328D-4B4C-AD72-C45332631AEF}"
EndProject
Project("{FAE04EC0-301F-11D3-BF4B-00C04F79EFBC}") = "Memento", "Memento\Memento.csproj", "{E37BF417-C811-4D86-B86D-B43E0D024B1D}"
EndProject
Project("{FAE04EC0-301F-11D3-BF4B-00C04F79EFBC}") = "Observer", "Observe\Observer.csproj", "{470AFFCD-FD69-4BC5-8DED-DE18F2EB1ED7}"
EndProject
Project("{FAE04EC0-301F-11D3-BF4B-00C04F79EFBC}") = "State", "State\State.csproj", "{EAC04285-48DE-401F-B324-D3BDEFF34167}"
EndProject
Project("{FAE04EC0-301F-11D3-BF4B-00C04F79EFBC}") = "Strategy", "Strategy\Strategy.csproj", "{262181C8-494F-4DC9-854F-323FA957E5F7}"
EndProject
Project("{FAE04EC0-301F-11D3-BF4B-00C04F79EFBC}") = "Template Method", "Template Method\Template Method.csproj", "{55D6007E-E3A3-4088-ABF1-F438D26F8A1B}"
EndProject
Project("{FAE04EC0-301F-11D3-BF4B-00C04F79EFBC}") = "Visitor", "Visitor\Visitor.csproj", "{AA756E86-99F3-4BEF-B1CC-4914050DF5BB}"
EndProject
Global
	GlobalSection(SolutionConfigurationPlatforms) = preSolution
		Debug|x86 = Debug|x86
		Release|x86 = Release|x86
	EndGlobalSection
	GlobalSection(ProjectConfigurationPlatforms) = postSolution
		{4D98F57E-77AE-4F82-A766-E9C6F2922466}.Debug|x86.ActiveCfg = Debug|x86
		{4D98F57E-77AE-4F82-A766-E9C6F2922466}.Debug|x86.Build.0 = Debug|x86
		{4D98F57E-77AE-4F82-A766-E9C6F2922466}.Release|x86.ActiveCfg = Release|x86
		{4D98F57E-77AE-4F82-A766-E9C6F2922466}.Release|x86.Build.0 = Release|x86
		{4FCD6132-BCB9-425A-A501-0420B80E434B}.Debug|x86.ActiveCfg = Debug|x86
		{4FCD6132-BCB9-425A-A501-0420B80E434B}.Debug|x86.Build.0 = Debug|x86
		{4FCD6132-BCB9-425A-A501-0420B80E434B}.Release|x86.ActiveCfg = Release|x86
		{4FCD6132-BCB9-425A-A501-0420B80E434B}.Release|x86.Build.0 = Release|x86
		{6FA99606-F575-4C31-B56A-FC253FEF12E5}.Debug|x86.ActiveCfg = Debug|x86
		{6FA99606-F575-4C31-B56A-FC253FEF12E5}.Debug|x86.Build.0 = Debug|x86
		{6FA99606-F575-4C31-B56A-FC253FEF12E5}.Release|x86.ActiveCfg = Release|x86
		{6FA99606-F575-4C31-B56A-FC253FEF12E5}.Release|x86.Build.0 = Release|x86
		{94F7485A-F046-4456-9836-74410723D04D}.Debug|x86.ActiveCfg = Debug|x86
		{94F7485A-F046-4456-9836-74410723D04D}.Debug|x86.Build.0 = Debug|x86
		{94F7485A-F046-4456-9836-74410723D04D}.Release|x86.ActiveCfg = Release|x86
		{94F7485A-F046-4456-9836-74410723D04D}.Release|x86.Build.0 = Release|x86
		{D749C3B4-FD6F-4DD9-BB6A-2C0CC28CDE61}.Debug|x86.ActiveCfg = Debug|x86
		{D749C3B4-FD6F-4DD9-BB6A-2C0CC28CDE61}.Debug|x86.Build.0 = Debug|x86
		{D749C3B4-FD6F-4DD9-BB6A-2C0CC28CDE61}.Release|x86.ActiveCfg = Release|x86
		{D749C3B4-FD6F-4DD9-BB6A-2C0CC28CDE61}.Release|x86.Build.0 = Release|x86
		{7046DF52-A700-4388-90EB-F4DE2078074A}.Debug|x86.ActiveCfg = Debug|x86
		{7046DF52-A700-4388-90EB-F4DE2078074A}.Debug|x86.Build.0 = Debug|x86
		{7046DF52-A700-4388-90EB-F4DE2078074A}.Release|x86.ActiveCfg = Release|x86
		{7046DF52-A700-4388-90EB-F4DE2078074A}.Release|x86.Build.0 = Release|x86
		{B33B7A50-1BAC-4F25-9A7B-C245C5CE57BC}.Debug|x86.ActiveCfg = Debug|x86
		{B33B7A50-1BAC-4F25-9A7B-C245C5CE57BC}.Debug|x86.Build.0 = Debug|x86
		{B33B7A50-1BAC-4F25-9A7B-C245C5CE57BC}.Release|x86.ActiveCfg = Release|x86
		{B33B7A50-1BAC-4F25-9A7B-C245C5CE57BC}.Release|x86.Build.0 = Release|x86
		{CA221B4D-7653-4AED-B237-C136CC434A58}.Debug|x86.ActiveCfg = Debug|x86
		{CA221B4D-7653-4AED-B237-C136CC434A58}.Debug|x86.Build.0 = Debug|x86
		{CA221B4D-7653-4AED-B237-C136CC434A58}.Release|x86.ActiveCfg = Release|x86
		{CA221B4D-7653-4AED-B237-C136CC434A58}.Release|x86.Build.0 = Release|x86
		{E9A4AF39-8E03-4479-98C7-BE11A892297C}.Debug|x86.ActiveCfg = Debug|x86
		{E9A4AF39-8E03-4479-98C7-BE11A892297C}.Debug|x86.Build.0 = Debug|x86
		{E9A4AF39-8E03-4479-98C7-BE11A892297C}.Release|x86.ActiveCfg = Release|x86
		{E9A4AF39-8E03-4479-98C7-BE11A892297C}.Release|x86.Build.0 = Release|x86
		{811E2D64-2498-4AC0-BFAB-6BC86ED66A27}.Debug|x86.ActiveCfg = Debug|x86
		{811E2D64-2498-4AC0-BFAB-6BC86ED66A27}.Debug|x86.Build.0 = Debug|x86
		{811E2D64-2498-4AC0-BFAB-6BC86ED66A27}.Release|x86.ActiveCfg = Release|x86
		{811E2D64-2498-4AC0-BFAB-6BC86ED66A27}.Release|x86.Build.0 = Release|x86
		{765DF3FA-8C3E-473B-AB75-5024F3E7E5AE}.Debug|x86.ActiveCfg = Debug|x86
		{765DF3FA-8C3E-473B-AB75-5024F3E7E5AE}.Debug|x86.Build.0 = Debug|x86
		{765DF3FA-8C3E-473B-AB75-5024F3E7E5AE}.Release|x86.ActiveCfg = Release|x86
		{765DF3FA-8C3E-473B-AB75-5024F3E7E5AE}.Release|x86.Build.0 = Release|x86
		{2DD7DF0E-F6D8-4BEA-8E18-71BC284D2430}.Debug|x86.ActiveCfg = Debug|x86
		{2DD7DF0E-F6D8-4BEA-8E18-71BC284D2430}.Debug|x86.Build.0 = Debug|x86
		{2DD7DF0E-F6D8-4BEA-8E18-71BC284D2430}.Release|x86.ActiveCfg = Release|x86
		{2DD7DF0E-F6D8-4BEA-8E18-71BC284D2430}.Release|x86.Build.0 = Release|x86
		{81F4C29B-34D8-47D6-A508-E7B51AEC89C7}.Debug|x86.ActiveCfg = Debug|x86
		{81F4C29B-34D8-47D6-A508-E7B51AEC89C7}.Debug|x86.Build.0 = Debug|x86
		{81F4C29B-34D8-47D6-A508-E7B51AEC89C7}.Release|x86.ActiveCfg = Release|x86
		{81F4C29B-34D8-47D6-A508-E7B51AEC89C7}.Release|x86.Build.0 = Release|x86
		{2D3B98C5-8ABC-4AF3-A3C8-097C32EF53EC}.Debug|x86.ActiveCfg = Debug|x86
		{2D3B98C5-8ABC-4AF3-A3C8-097C32EF53EC}.Debug|x86.Build.0 = Debug|x86
		{2D3B98C5-8ABC-4AF3-A3C8-097C32EF53EC}.Release|x86.ActiveCfg = Release|x86
		{2D3B98C5-8ABC-4AF3-A3C8-097C32EF53EC}.Release|x86.Build.0 = Release|x86
		{7919B1A0-589B-49B5-9D43-523DCFFD4B01}.Debug|x86.ActiveCfg = Debug|x86
		{7919B1A0-589B-49B5-9D43-523DCFFD4B01}.Debug|x86.Build.0 = Debug|x86
		{7919B1A0-589B-49B5-9D43-523DCFFD4B01}.Release|x86.ActiveCfg = Release|x86
		{7919B1A0-589B-49B5-9D43-523DCFFD4B01}.Release|x86.Build.0 = Release|x86
		{BE4BC154-9A7C-424C-B1E5-C1ADD75FE035}.Debug|x86.ActiveCfg = Debug|x86
		{BE4BC154-9A7C-424C-B1E5-C1ADD75FE035}.Debug|x86.Build.0 = Debug|x86
		{BE4BC154-9A7C-424C-B1E5-C1ADD75FE035}.Release|x86.ActiveCfg = Release|x86
		{BE4BC154-9A7C-424C-B1E5-C1ADD75FE035}.Release|x86.Build.0 = Release|x86
		{7895F060-328D-4B4C-AD72-C45332631AEF}.Debug|x86.ActiveCfg = Debug|x86
		{7895F060-328D-4B4C-AD72-C45332631AEF}.Debug|x86.Build.0 = Debug|x86
		{7895F060-328D-4B4C-AD72-C45332631AEF}.Release|x86.ActiveCfg = Release|x86
		{7895F060-328D-4B4C-AD72-C45332631AEF}.Release|x86.Build.0 = Release|x86
		{E37BF417-C811-4D86-B86D-B43E0D024B1D}.Debug|x86.ActiveCfg = Debug|x86
		{E37BF417-C811-4D86-B86D-B43E0D024B1D}.Debug|x86.Build.0 = Debug|x86
		{E37BF417-C811-4D86-B86D-B43E0D024B1D}.Release|x86.ActiveCfg = Release|x86
		{E37BF417-C811-4D86-B86D-B43E0D024B1D}.Release|x86.Build.0 = Release|x86
		{470AFFCD-FD69-4BC5-8DED-DE18F2EB1ED7}.Debug|x86.ActiveCfg = Debug|x86
		{470AFFCD-FD69-4BC5-8DED-DE18F2EB1ED7}.Debug|x86.Build.0 = Debug|x86
		{470AFFCD-FD69-4BC5-8DED-DE18F2EB1ED7}.Release|x86.ActiveCfg = Release|x86
		{470AFFCD-FD69-4BC5-8DED-DE18F2EB1ED7}.Release|x86.Build.0 = Release|x86
		{EAC04285-48DE-401F-B324-D3BDEFF34167}.Debug|x86.ActiveCfg = Debug|x86
		{EAC04285-48DE-401F-B324-D3BDEFF34167}.Debug|x86.Build.0 = Debug|x86
		{EAC04285-48DE-401F-B324-D3BDEFF34167}.Release|x86.ActiveCfg = Release|x86
		{EAC04285-48DE-401F-B324-D3BDEFF34167}.Release|x86.Build.0 = Release|x86
		{262181C8-494F-4DC9-854F-323FA957E5F7}.Debug|x86.ActiveCfg = Debug|x86
		{262181C8-494F-4DC9-854F-323FA957E5F7}.Debug|x86.Build.0 = Debug|x86
		{262181C8-494F-4DC9-854F-323FA957E5F7}.Release|x86.ActiveCfg = Release|x86
		{262181C8-494F-4DC9-854F-323FA957E5F7}.Release|x86.Build.0 = Release|x86
		{55D6007E-E3A3-4088-ABF1-F438D26F8A1B}.Debug|x86.ActiveCfg = Debug|x86
		{55D6007E-E3A3-4088-ABF1-F438D26F8A1B}.Debug|x86.Build.0 = Debug|x86
		{55D6007E-E3A3-4088-ABF1-F438D26F8A1B}.Release|x86.ActiveCfg = Release|x86
		{55D6007E-E3A3-4088-ABF1-F438D26F8A1B}.Release|x86.Build.0 = Release|x86
		{AA756E86-99F3-4BEF-B1CC-4914050DF5BB}.Debug|x86.ActiveCfg = Debug|x86
		{AA756E86-99F3-4BEF-B1CC-4914050DF5BB}.Debug|x86.Build.0 = Debug|x86
		{AA756E86-99F3-4BEF-B1CC-4914050DF5BB}.Release|x86.ActiveCfg = Release|x86
		{AA756E86-99F3-4BEF-B1CC-4914050DF5BB}.Release|x86.Build.0 = Release|x86
	EndGlobalSection
	GlobalSection(SolutionProperties) = preSolution
		HideSolutionNode = FALSE
	EndGlobalSection
	GlobalSection(NestedProjects) = preSolution
		{4FCD6132-BCB9-425A-A501-0420B80E434B} = {1ABBEEF6-A16F-46EA-854E-EC65D54F2E57}
		{6FA99606-F575-4C31-B56A-FC253FEF12E5} = {1ABBEEF6-A16F-46EA-854E-EC65D54F2E57}
		{94F7485A-F046-4456-9836-74410723D04D} = {1ABBEEF6-A16F-46EA-854E-EC65D54F2E57}
		{D749C3B4-FD6F-4DD9-BB6A-2C0CC28CDE61} = {1ABBEEF6-A16F-46EA-854E-EC65D54F2E57}
		{4D98F57E-77AE-4F82-A766-E9C6F2922466} = {1ABBEEF6-A16F-46EA-854E-EC65D54F2E57}
		{7046DF52-A700-4388-90EB-F4DE2078074A} = {3BD159B0-6194-4B51-A4C1-B08A65F4E9A5}
		{B33B7A50-1BAC-4F25-9A7B-C245C5CE57BC} = {3BD159B0-6194-4B51-A4C1-B08A65F4E9A5}
		{CA221B4D-7653-4AED-B237-C136CC434A58} = {3BD159B0-6194-4B51-A4C1-B08A65F4E9A5}
		{E9A4AF39-8E03-4479-98C7-BE11A892297C} = {3BD159B0-6194-4B51-A4C1-B08A65F4E9A5}
		{811E2D64-2498-4AC0-BFAB-6BC86ED66A27} = {3BD159B0-6194-4B51-A4C1-B08A65F4E9A5}
		{765DF3FA-8C3E-473B-AB75-5024F3E7E5AE} = {3BD159B0-6194-4B51-A4C1-B08A65F4E9A5}
		{2DD7DF0E-F6D8-4BEA-8E18-71BC284D2430} = {3BD159B0-6194-4B51-A4C1-B08A65F4E9A5}
		{81F4C29B-34D8-47D6-A508-E7B51AEC89C7} = {4A7B3878-F12B-4B38-9A10-7F522C2D3812}
		{2D3B98C5-8ABC-4AF3-A3C8-097C32EF53EC} = {4A7B3878-F12B-4B38-9A10-7F522C2D3812}
		{7919B1A0-589B-49B5-9D43-523DCFFD4B01} = {4A7B3878-F12B-4B38-9A10-7F522C2D3812}
		{BE4BC154-9A7C-424C-B1E5-C1ADD75FE035} = {4A7B3878-F12B-4B38-9A10-7F522C2D3812}
		{7895F060-328D-4B4C-AD72-C45332631AEF} = {4A7B3878-F12B-4B38-9A10-7F522C2D3812}
		{E37BF417-C811-4D86-B86D-B43E0D024B1D} = {4A7B3878-F12B-4B38-9A10-7F522C2D3812}
		{470AFFCD-FD69-4BC5-8DED-DE18F2EB1ED7} = {4A7B3878-F12B-4B38-9A10-7F522C2D3812}
		{EAC04285-48DE-401F-B324-D3BDEFF34167} = {4A7B3878-F12B-4B38-9A10-7F522C2D3812}
		{262181C8-494F-4DC9-854F-323FA957E5F7} = {4A7B3878-F12B-4B38-9A10-7F522C2D3812}
		{55D6007E-E3A3-4088-ABF1-F438D26F8A1B} = {4A7B3878-F12B-4B38-9A10-7F522C2D3812}
		{AA756E86-99F3-4BEF-B1CC-4914050DF5BB} = {4A7B3878-F12B-4B38-9A10-7F522C2D3812}
	EndGlobalSection
EndGlobal
